<?xml version="1.0" encoding="utf-8"?>
<Project ToolsVersion="4.0" xmlns="http://schemas.microsoft.com/developer/msbuild/2003">
  <ItemGroup>
    <Filter Include="main">
      <UniqueIdentifier>{2ca3aaa4-b938-4701-a935-b48f3c25aea2}</UniqueIdentifier>
    </Filter>
    <Filter Include="source">
      <UniqueIdentifier>{a85d5303-5dc3-4574-bfec-5dc5161671b6}</UniqueIdentifier>
    </Filter>
    <Filter Include="source\스택/큐">
      <UniqueIdentifier>{f4ec5dc4-8961-425f-86f3-8063e8eda96a}</UniqueIdentifier>
    </Filter>
    <Filter Include="source\스택/큐\Lv2">
      <UniqueIdentifier>{4fa0f45f-70cc-48ac-95bf-3ce75201411d}</UniqueIdentifier>
    </Filter>
    <Filter Include="source\힙">
      <UniqueIdentifier>{090a5121-389e-46fe-8d05-93e47ee9be71}</UniqueIdentifier>
    </Filter>
    <Filter Include="source\힙\Lv2">
      <UniqueIdentifier>{a6cb375d-8b19-4242-ae25-cb13ea43767d}</UniqueIdentifier>
    </Filter>
    <Filter Include="source\힙\Lv3">
      <UniqueIdentifier>{d8e0731d-40a9-415a-b5f2-11d5259c38a9}</UniqueIdentifier>
    </Filter>
    <Filter Include="source\정렬">
      <UniqueIdentifier>{99d3dac9-7d61-47ac-88b8-a7773dc34ec6}</UniqueIdentifier>
    </Filter>
    <Filter Include="source\정렬\Lv1">
      <UniqueIdentifier>{b572bb90-bb74-4cfb-838b-8d5c10674545}</UniqueIdentifier>
    </Filter>
    <Filter Include="source\정렬\Lv2">
      <UniqueIdentifier>{e03ffe4a-4167-474b-a231-4831b50ff016}</UniqueIdentifier>
    </Filter>
    <Filter Include="source\완전탐색">
      <UniqueIdentifier>{69858214-badb-4732-b6a0-99e3874a40f5}</UniqueIdentifier>
    </Filter>
    <Filter Include="source\완전탐색\Lv1">
      <UniqueIdentifier>{436711a9-3007-4841-98d9-866ea640643c}</UniqueIdentifier>
    </Filter>
    <Filter Include="source\완전탐색\Lv2">
      <UniqueIdentifier>{ca95da88-656f-47b2-b785-330216cdf126}</UniqueIdentifier>
    </Filter>
    <Filter Include="source\탐욕법">
      <UniqueIdentifier>{49406697-2b37-4e6c-a8b3-57535603a554}</UniqueIdentifier>
    </Filter>
    <Filter Include="source\탐욕법\Lv1">
      <UniqueIdentifier>{a9dbf1d7-f80d-4bc4-8974-05dae25269a0}</UniqueIdentifier>
    </Filter>
    <Filter Include="source\탐욕법\Lv2">
      <UniqueIdentifier>{b025a570-53a2-4cc4-b6b8-9fd94e50471b}</UniqueIdentifier>
    </Filter>
    <Filter Include="source\탐욕법\Lv3">
      <UniqueIdentifier>{6dd2cb74-e233-4346-804e-ff21d1534a4d}</UniqueIdentifier>
    </Filter>
    <Filter Include="source\동적계획법%28DP%29">
      <UniqueIdentifier>{8c948c75-774a-4088-a563-bdb1a3514bb6}</UniqueIdentifier>
    </Filter>
    <Filter Include="source\동적계획법%28DP%29\Lv3">
      <UniqueIdentifier>{27fe9352-e708-48b7-af64-66eec52b300d}</UniqueIdentifier>
    </Filter>
  </ItemGroup>
  <ItemGroup>
    <ClCompile Include="기능개발.cpp">
      <Filter>source\스택/큐\Lv2</Filter>
    </ClCompile>
    <ClCompile Include="올바른_괄호.cpp">
      <Filter>source\스택/큐\Lv2</Filter>
    </ClCompile>
    <ClCompile Include="주식가격.cpp">
      <Filter>source\스택/큐\Lv2</Filter>
    </ClCompile>
    <ClCompile Include="더_맵게.cpp">
      <Filter>source\힙\Lv2</Filter>
    </ClCompile>
    <ClCompile Include="디스크_컨트롤러.cpp">
      <Filter>source\힙\Lv3</Filter>
    </ClCompile>
    <ClCompile Include="이중우선순위큐.cpp">
      <Filter>source\힙\Lv3</Filter>
    </ClCompile>
    <ClCompile Include="K번째수.cpp">
      <Filter>source\정렬\Lv1</Filter>
    </ClCompile>
    <ClCompile Include="가장_큰_수.cpp">
      <Filter>source\정렬\Lv2</Filter>
    </ClCompile>
    <ClCompile Include="모의고사.cpp">
      <Filter>source\완전탐색\Lv1</Filter>
    </ClCompile>
    <ClCompile Include="소수_찾기.cpp">
      <Filter>source\완전탐색\Lv2</Filter>
    </ClCompile>
    <ClCompile Include="피로도.cpp">
      <Filter>source\완전탐색\Lv2</Filter>
    </ClCompile>
    <ClCompile Include="카펫.cpp">
      <Filter>source\완전탐색\Lv2</Filter>
    </ClCompile>
    <ClCompile Include="체육복.cpp">
      <Filter>source\탐욕법\Lv1</Filter>
    </ClCompile>
    <ClCompile Include="큰_수_만들기.cpp">
      <Filter>source\탐욕법\Lv2</Filter>
    </ClCompile>
    <ClCompile Include="섬_연결하기.cpp">
      <Filter>source\탐욕법\Lv3</Filter>
    </ClCompile>
    <ClCompile Include="단속카메라.cpp">
      <Filter>source\탐욕법\Lv3</Filter>
    </ClCompile>
    <ClCompile Include="정수_삼각형.cpp">
      <Filter>source\동적계획법%28DP%29\Lv3</Filter>
    </ClCompile>
  </ItemGroup>
</Project>